
Microsoft Visual Studio Solution File, Format Version 12.00
# Visual Studio Version 16
VisualStudioVersion = 16.0.33130.400
MinimumVisualStudioVersion = 10.0.40219.1
Project("{FAE04EC0-301F-11D3-BF4B-00C04F79EFBC}") = "Operadores Relacionais", "Operadores Relacionais.csproj", "{76A8E73C-F90C-4A44-B977-E94C943734F4}"
EndProject
Global
	GlobalSection(SolutionConfigurationPlatforms) = preSolution
		Debug|Any CPU = Debug|Any CPU
		Release|Any CPU = Release|Any CPU
	EndGlobalSection
	GlobalSection(ProjectConfigurationPlatforms) = postSolution
		{76A8E73C-F90C-4A44-B977-E94C943734F4}.Debug|Any CPU.ActiveCfg = Debug|Any CPU
		{76A8E73C-F90C-4A44-B977-E94C943734F4}.Debug|Any CPU.Build.0 = Debug|Any CPU
		{76A8E73C-F90C-4A44-B977-E94C943734F4}.Release|Any CPU.ActiveCfg = Release|Any CPU
		{76A8E73C-F90C-4A44-B977-E94C943734F4}.Release|Any CPU.Build.0 = Release|Any CPU
	EndGlobalSection
	GlobalSection(SolutionProperties) = preSolution
		HideSolutionNode = FALSE
	EndGlobalSection
	GlobalSection(ExtensibilityGlobals) = postSolution
		SolutionGuid = {D2C5DAFD-0099-4155-BDBC-2EDEF8167C9B}
	EndGlobalSection
EndGlobal
